
Microsoft Visual Studio Solution File, Format Version 11.00
# Visual Studio 2010
Project("{FAE04EC0-301F-11D3-BF4B-00C04F79EFBC}") = "AmplifyShaderEditor.Samples.HDRP", "AmplifyShaderEditor.Samples.HDRP.csproj", "{d3db38c6-3e97-a082-1c55-c9cdf7b722b0}"
EndProject
Project("{FAE04EC0-301F-11D3-BF4B-00C04F79EFBC}") = "Assembly-CSharp", "Assembly-CSharp.csproj", "{e3baffcc-030c-91a9-6c04-9da48b6bd8fb}"
EndProject
Project("{FAE04EC0-301F-11D3-BF4B-00C04F79EFBC}") = "AmplifyShaderEditor", "AmplifyShaderEditor.csproj", "{2eeffd9b-8967-1f07-33d7-419c09d259c2}"
EndProject
Global
	GlobalSection(SolutionConfigurationPlatforms) = preSolution
		Debug|Any CPU = Debug|Any CPU
		Release|Any CPU = Release|Any CPU
	EndGlobalSection
	GlobalSection(ProjectConfigurationPlatforms) = postSolution
		{d3db38c6-3e97-a082-1c55-c9cdf7b722b0}.Debug|Any CPU.ActiveCfg = Debug|Any CPU
		{d3db38c6-3e97-a082-1c55-c9cdf7b722b0}.Debug|Any CPU.Build.0 = Debug|Any CPU
		{d3db38c6-3e97-a082-1c55-c9cdf7b722b0}.Release|Any CPU.ActiveCfg = Release|Any CPU
		{d3db38c6-3e97-a082-1c55-c9cdf7b722b0}.Release|Any CPU.Build.0 = Release|Any CPU
		{e3baffcc-030c-91a9-6c04-9da48b6bd8fb}.Debug|Any CPU.ActiveCfg = Debug|Any CPU
		{e3baffcc-030c-91a9-6c04-9da48b6bd8fb}.Debug|Any CPU.Build.0 = Debug|Any CPU
		{e3baffcc-030c-91a9-6c04-9da48b6bd8fb}.Release|Any CPU.ActiveCfg = Release|Any CPU
		{e3baffcc-030c-91a9-6c04-9da48b6bd8fb}.Release|Any CPU.Build.0 = Release|Any CPU
		{2eeffd9b-8967-1f07-33d7-419c09d259c2}.Debug|Any CPU.ActiveCfg = Debug|Any CPU
		{2eeffd9b-8967-1f07-33d7-419c09d259c2}.Debug|Any CPU.Build.0 = Debug|Any CPU
		{2eeffd9b-8967-1f07-33d7-419c09d259c2}.Release|Any CPU.ActiveCfg = Release|Any CPU
		{2eeffd9b-8967-1f07-33d7-419c09d259c2}.Release|Any CPU.Build.0 = Release|Any CPU
	EndGlobalSection
	GlobalSection(SolutionProperties) = preSolution
		HideSolutionNode = FALSE
	EndGlobalSection
EndGlobal
